
Microsoft Visual Studio Solution File, Format Version 12.00
# Visual Studio Version 17
VisualStudioVersion = 17.12.35527.113
MinimumVisualStudioVersion = 10.0.40219.1
Project("{FAE04EC0-301F-11D3-BF4B-00C04F79EFBC}") = "School_API", "School_API\School_API.csproj", "{FD9CA6DC-FD61-40DB-842E-8654C3B3188C}"
EndProject
Project("{FAE04EC0-301F-11D3-BF4B-00C04F79EFBC}") = "School_DTOs", "School_DTOs\School_DTOs.csproj", "{4EC33871-A852-4D48-AA8B-0C11D2FD7A52}"
EndProject
Project("{FAE04EC0-301F-11D3-BF4B-00C04F79EFBC}") = "School.Domain", "School.Domain\School.Domain.csproj", "{B32B041F-C5F8-4C56-917E-B3B8652E814B}"
EndProject
Project("{FAE04EC0-301F-11D3-BF4B-00C04F79EFBC}") = "School.Models", "School.Models\School.Models.csproj", "{17B5987D-5D96-4F17-90B0-D22FFE99C2B4}"
EndProject
Project("{FAE04EC0-301F-11D3-BF4B-00C04F79EFBC}") = "School.Services", "School.Services\School.Services.csproj", "{D40AE10B-B8BC-47D5-A738-C4DF0722D848}"
EndProject
Project("{FAE04EC0-301F-11D3-BF4B-00C04F79EFBC}") = "School.Utilities", "School.Utilities\School.Utilities.csproj", "{A9B37DF0-42B3-45FE-9539-A626A08E3888}"
EndProject
Project("{FAE04EC0-301F-11D3-BF4B-00C04F79EFBC}") = "School.Infrastructure", "School.Infrastructure\School.Infrastructure.csproj", "{8F5FBE69-E068-481A-9C2A-7BE954675077}"
EndProject
Project("{FAE04EC0-301F-11D3-BF4B-00C04F79EFBC}") = "School.Tests", "School.Tests\School.Tests.csproj", "{9BD294ED-6568-47A4-B5D1-808F252126DB}"
EndProject
Global
	GlobalSection(SolutionConfigurationPlatforms) = preSolution
		Debug|Any CPU = Debug|Any CPU
		Debug|x64 = Debug|x64
		Debug|x86 = Debug|x86
		Release|Any CPU = Release|Any CPU
		Release|x64 = Release|x64
		Release|x86 = Release|x86
	EndGlobalSection
	GlobalSection(ProjectConfigurationPlatforms) = postSolution
		{FD9CA6DC-FD61-40DB-842E-8654C3B3188C}.Debug|Any CPU.ActiveCfg = Debug|Any CPU
		{FD9CA6DC-FD61-40DB-842E-8654C3B3188C}.Debug|Any CPU.Build.0 = Debug|Any CPU
		{FD9CA6DC-FD61-40DB-842E-8654C3B3188C}.Debug|x64.ActiveCfg = Debug|Any CPU
		{FD9CA6DC-FD61-40DB-842E-8654C3B3188C}.Debug|x64.Build.0 = Debug|Any CPU
		{FD9CA6DC-FD61-40DB-842E-8654C3B3188C}.Debug|x86.ActiveCfg = Debug|Any CPU
		{FD9CA6DC-FD61-40DB-842E-8654C3B3188C}.Debug|x86.Build.0 = Debug|Any CPU
		{FD9CA6DC-FD61-40DB-842E-8654C3B3188C}.Release|Any CPU.ActiveCfg = Release|Any CPU
		{FD9CA6DC-FD61-40DB-842E-8654C3B3188C}.Release|Any CPU.Build.0 = Release|Any CPU
		{FD9CA6DC-FD61-40DB-842E-8654C3B3188C}.Release|x64.ActiveCfg = Release|Any CPU
		{FD9CA6DC-FD61-40DB-842E-8654C3B3188C}.Release|x64.Build.0 = Release|Any CPU
		{FD9CA6DC-FD61-40DB-842E-8654C3B3188C}.Release|x86.ActiveCfg = Release|Any CPU
		{FD9CA6DC-FD61-40DB-842E-8654C3B3188C}.Release|x86.Build.0 = Release|Any CPU
		{4EC33871-A852-4D48-AA8B-0C11D2FD7A52}.Debug|Any CPU.ActiveCfg = Debug|Any CPU
		{4EC33871-A852-4D48-AA8B-0C11D2FD7A52}.Debug|Any CPU.Build.0 = Debug|Any CPU
		{4EC33871-A852-4D48-AA8B-0C11D2FD7A52}.Debug|x64.ActiveCfg = Debug|Any CPU
		{4EC33871-A852-4D48-AA8B-0C11D2FD7A52}.Debug|x64.Build.0 = Debug|Any CPU
		{4EC33871-A852-4D48-AA8B-0C11D2FD7A52}.Debug|x86.ActiveCfg = Debug|Any CPU
		{4EC33871-A852-4D48-AA8B-0C11D2FD7A52}.Debug|x86.Build.0 = Debug|Any CPU
		{4EC33871-A852-4D48-AA8B-0C11D2FD7A52}.Release|Any CPU.ActiveCfg = Release|Any CPU
		{4EC33871-A852-4D48-AA8B-0C11D2FD7A52}.Release|Any CPU.Build.0 = Release|Any CPU
		{4EC33871-A852-4D48-AA8B-0C11D2FD7A52}.Release|x64.ActiveCfg = Release|Any CPU
		{4EC33871-A852-4D48-AA8B-0C11D2FD7A52}.Release|x64.Build.0 = Release|Any CPU
		{4EC33871-A852-4D48-AA8B-0C11D2FD7A52}.Release|x86.ActiveCfg = Release|Any CPU
		{4EC33871-A852-4D48-AA8B-0C11D2FD7A52}.Release|x86.Build.0 = Release|Any CPU
		{B32B041F-C5F8-4C56-917E-B3B8652E814B}.Debug|Any CPU.ActiveCfg = Debug|Any CPU
		{B32B041F-C5F8-4C56-917E-B3B8652E814B}.Debug|Any CPU.Build.0 = Debug|Any CPU
		{B32B041F-C5F8-4C56-917E-B3B8652E814B}.Debug|x64.ActiveCfg = Debug|Any CPU
		{B32B041F-C5F8-4C56-917E-B3B8652E814B}.Debug|x64.Build.0 = Debug|Any CPU
		{B32B041F-C5F8-4C56-917E-B3B8652E814B}.Debug|x86.ActiveCfg = Debug|Any CPU
		{B32B041F-C5F8-4C56-917E-B3B8652E814B}.Debug|x86.Build.0 = Debug|Any CPU
		{B32B041F-C5F8-4C56-917E-B3B8652E814B}.Release|Any CPU.ActiveCfg = Release|Any CPU
		{B32B041F-C5F8-4C56-917E-B3B8652E814B}.Release|Any CPU.Build.0 = Release|Any CPU
		{B32B041F-C5F8-4C56-917E-B3B8652E814B}.Release|x64.ActiveCfg = Release|Any CPU
		{B32B041F-C5F8-4C56-917E-B3B8652E814B}.Release|x64.Build.0 = Release|Any CPU
		{B32B041F-C5F8-4C56-917E-B3B8652E814B}.Release|x86.ActiveCfg = Release|Any CPU
		{B32B041F-C5F8-4C56-917E-B3B8652E814B}.Release|x86.Build.0 = Release|Any CPU
		{17B5987D-5D96-4F17-90B0-D22FFE99C2B4}.Debug|Any CPU.ActiveCfg = Debug|Any CPU
		{17B5987D-5D96-4F17-90B0-D22FFE99C2B4}.Debug|Any CPU.Build.0 = Debug|Any CPU
		{17B5987D-5D96-4F17-90B0-D22FFE99C2B4}.Debug|x64.ActiveCfg = Debug|Any CPU
		{17B5987D-5D96-4F17-90B0-D22FFE99C2B4}.Debug|x64.Build.0 = Debug|Any CPU
		{17B5987D-5D96-4F17-90B0-D22FFE99C2B4}.Debug|x86.ActiveCfg = Debug|Any CPU
		{17B5987D-5D96-4F17-90B0-D22FFE99C2B4}.Debug|x86.Build.0 = Debug|Any CPU
		{17B5987D-5D96-4F17-90B0-D22FFE99C2B4}.Release|Any CPU.ActiveCfg = Release|Any CPU
		{17B5987D-5D96-4F17-90B0-D22FFE99C2B4}.Release|Any CPU.Build.0 = Release|Any CPU
		{17B5987D-5D96-4F17-90B0-D22FFE99C2B4}.Release|x64.ActiveCfg = Release|Any CPU
		{17B5987D-5D96-4F17-90B0-D22FFE99C2B4}.Release|x64.Build.0 = Release|Any CPU
		{17B5987D-5D96-4F17-90B0-D22FFE99C2B4}.Release|x86.ActiveCfg = Release|Any CPU
		{17B5987D-5D96-4F17-90B0-D22FFE99C2B4}.Release|x86.Build.0 = Release|Any CPU
		{D40AE10B-B8BC-47D5-A738-C4DF0722D848}.Debug|Any CPU.ActiveCfg = Debug|Any CPU
		{D40AE10B-B8BC-47D5-A738-C4DF0722D848}.Debug|Any CPU.Build.0 = Debug|Any CPU
		{D40AE10B-B8BC-47D5-A738-C4DF0722D848}.Debug|x64.ActiveCfg = Debug|Any CPU
		{D40AE10B-B8BC-47D5-A738-C4DF0722D848}.Debug|x64.Build.0 = Debug|Any CPU
		{D40AE10B-B8BC-47D5-A738-C4DF0722D848}.Debug|x86.ActiveCfg = Debug|Any CPU
		{D40AE10B-B8BC-47D5-A738-C4DF0722D848}.Debug|x86.Build.0 = Debug|Any CPU
		{D40AE10B-B8BC-47D5-A738-C4DF0722D848}.Release|Any CPU.ActiveCfg = Release|Any CPU
		{D40AE10B-B8BC-47D5-A738-C4DF0722D848}.Release|Any CPU.Build.0 = Release|Any CPU
		{D40AE10B-B8BC-47D5-A738-C4DF0722D848}.Release|x64.ActiveCfg = Release|Any CPU
		{D40AE10B-B8BC-47D5-A738-C4DF0722D848}.Release|x64.Build.0 = Release|Any CPU
		{D40AE10B-B8BC-47D5-A738-C4DF0722D848}.Release|x86.ActiveCfg = Release|Any CPU
		{D40AE10B-B8BC-47D5-A738-C4DF0722D848}.Release|x86.Build.0 = Release|Any CPU
		{A9B37DF0-42B3-45FE-9539-A626A08E3888}.Debug|Any CPU.ActiveCfg = Debug|Any CPU
		{A9B37DF0-42B3-45FE-9539-A626A08E3888}.Debug|Any CPU.Build.0 = Debug|Any CPU
		{A9B37DF0-42B3-45FE-9539-A626A08E3888}.Debug|x64.ActiveCfg = Debug|Any CPU
		{A9B37DF0-42B3-45FE-9539-A626A08E3888}.Debug|x64.Build.0 = Debug|Any CPU
		{A9B37DF0-42B3-45FE-9539-A626A08E3888}.Debug|x86.ActiveCfg = Debug|Any CPU
		{A9B37DF0-42B3-45FE-9539-A626A08E3888}.Debug|x86.Build.0 = Debug|Any CPU
		{A9B37DF0-42B3-45FE-9539-A626A08E3888}.Release|Any CPU.ActiveCfg = Release|Any CPU
		{A9B37DF0-42B3-45FE-9539-A626A08E3888}.Release|Any CPU.Build.0 = Release|Any CPU
		{A9B37DF0-42B3-45FE-9539-A626A08E3888}.Release|x64.ActiveCfg = Release|Any CPU
		{A9B37DF0-42B3-45FE-9539-A626A08E3888}.Release|x64.Build.0 = Release|Any CPU
		{A9B37DF0-42B3-45FE-9539-A626A08E3888}.Release|x86.ActiveCfg = Release|Any CPU
		{A9B37DF0-42B3-45FE-9539-A626A08E3888}.Release|x86.Build.0 = Release|Any CPU
		{8F5FBE69-E068-481A-9C2A-7BE954675077}.Debug|Any CPU.ActiveCfg = Debug|Any CPU
		{8F5FBE69-E068-481A-9C2A-7BE954675077}.Debug|Any CPU.Build.0 = Debug|Any CPU
		{8F5FBE69-E068-481A-9C2A-7BE954675077}.Debug|x64.ActiveCfg = Debug|Any CPU
		{8F5FBE69-E068-481A-9C2A-7BE954675077}.Debug|x64.Build.0 = Debug|Any CPU
		{8F5FBE69-E068-481A-9C2A-7BE954675077}.Debug|x86.ActiveCfg = Debug|Any CPU
		{8F5FBE69-E068-481A-9C2A-7BE954675077}.Debug|x86.Build.0 = Debug|Any CPU
		{8F5FBE69-E068-481A-9C2A-7BE954675077}.Release|Any CPU.ActiveCfg = Release|Any CPU
		{8F5FBE69-E068-481A-9C2A-7BE954675077}.Release|Any CPU.Build.0 = Release|Any CPU
		{8F5FBE69-E068-481A-9C2A-7BE954675077}.Release|x64.ActiveCfg = Release|Any CPU
		{8F5FBE69-E068-481A-9C2A-7BE954675077}.Release|x64.Build.0 = Release|Any CPU
		{8F5FBE69-E068-481A-9C2A-7BE954675077}.Release|x86.ActiveCfg = Release|Any CPU
		{8F5FBE69-E068-481A-9C2A-7BE954675077}.Release|x86.Build.0 = Release|Any CPU
		{9BD294ED-6568-47A4-B5D1-808F252126DB}.Debug|Any CPU.ActiveCfg = Debug|Any CPU
		{9BD294ED-6568-47A4-B5D1-808F252126DB}.Debug|Any CPU.Build.0 = Debug|Any CPU
		{9BD294ED-6568-47A4-B5D1-808F252126DB}.Debug|x64.ActiveCfg = Debug|Any CPU
		{9BD294ED-6568-47A4-B5D1-808F252126DB}.Debug|x64.Build.0 = Debug|Any CPU
		{9BD294ED-6568-47A4-B5D1-808F252126DB}.Debug|x86.ActiveCfg = Debug|Any CPU
		{9BD294ED-6568-47A4-B5D1-808F252126DB}.Debug|x86.Build.0 = Debug|Any CPU
		{9BD294ED-6568-47A4-B5D1-808F252126DB}.Release|Any CPU.ActiveCfg = Release|Any CPU
		{9BD294ED-6568-47A4-B5D1-808F252126DB}.Release|Any CPU.Build.0 = Release|Any CPU
		{9BD294ED-6568-47A4-B5D1-808F252126DB}.Release|x64.ActiveCfg = Release|Any CPU
		{9BD294ED-6568-47A4-B5D1-808F252126DB}.Release|x64.Build.0 = Release|Any CPU
		{9BD294ED-6568-47A4-B5D1-808F252126DB}.Release|x86.ActiveCfg = Release|Any CPU
		{9BD294ED-6568-47A4-B5D1-808F252126DB}.Release|x86.Build.0 = Release|Any CPU
	EndGlobalSection
	GlobalSection(SolutionProperties) = preSolution
		HideSolutionNode = FALSE
	EndGlobalSection
EndGlobal
